
Microsoft Visual Studio Solution File, Format Version 12.00
# Visual Studio Version 17
VisualStudioVersion = 17.6.33801.468
MinimumVisualStudioVersion = 10.0.40219.1
Project("{FAE04EC0-301F-11D3-BF4B-00C04F79EFBC}") = "Workhourtrack", "Workhourtrack.csproj", "{717DEAB6-BEA7-4DED-8A76-2F3893845176}"
EndProject
Global
	GlobalSection(SolutionConfigurationPlatforms) = preSolution
		Debug|Any CPU = Debug|Any CPU
		Release|Any CPU = Release|Any CPU
	EndGlobalSection
	GlobalSection(ProjectConfigurationPlatforms) = postSolution
		{717DEAB6-BEA7-4DED-8A76-2F3893845176}.Debug|Any CPU.ActiveCfg = Debug|Any CPU
		{717DEAB6-BEA7-4DED-8A76-2F3893845176}.Debug|Any CPU.Build.0 = Debug|Any CPU
		{717DEAB6-BEA7-4DED-8A76-2F3893845176}.Release|Any CPU.ActiveCfg = Release|Any CPU
		{717DEAB6-BEA7-4DED-8A76-2F3893845176}.Release|Any CPU.Build.0 = Release|Any CPU
	EndGlobalSection
	GlobalSection(SolutionProperties) = preSolution
		HideSolutionNode = FALSE
	EndGlobalSection
	GlobalSection(ExtensibilityGlobals) = postSolution
		SolutionGuid = {A2907EF3-7EE5-47F6-A317-CBFD18A17C9C}
	EndGlobalSection
EndGlobal
